// !$*UTF8*$!
{
	archiveVersion = 1;
	classes = {
	};
	objectVersion = 50;
	objects = {

/* Begin PBXBuildFile section */
		0408927224332360000F6530 /* AppDelegate.swift in Sources */ = {isa = PBXBuildFile; fileRef = 0408927124332360000F6530 /* AppDelegate.swift */; };
		0408927424332360000F6530 /* SceneDelegate.swift in Sources */ = {isa = PBXBuildFile; fileRef = 0408927324332360000F6530 /* SceneDelegate.swift */; };
		0408927624332360000F6530 /* ViewController.swift in Sources */ = {isa = PBXBuildFile; fileRef = 0408927524332360000F6530 /* ViewController.swift */; };
		0408927924332360000F6530 /* Main.storyboard in Resources */ = {isa = PBXBuildFile; fileRef = 0408927724332360000F6530 /* Main.storyboard */; };
		0408927B24332365000F6530 /* Assets.xcassets in Resources */ = {isa = PBXBuildFile; fileRef = 0408927A24332365000F6530 /* Assets.xcassets */; };
		0408927E24332365000F6530 /* LaunchScreen.storyboard in Resources */ = {isa = PBXBuildFile; fileRef = 0408927C24332365000F6530 /* LaunchScreen.storyboard */; };
		0408928924332366000F6530 /* Class02Tests.swift in Sources */ = {isa = PBXBuildFile; fileRef = 0408928824332366000F6530 /* Class02Tests.swift */; };
		0408929424332366000F6530 /* Class02UITests.swift in Sources */ = {isa = PBXBuildFile; fileRef = 0408929324332366000F6530 /* Class02UITests.swift */; };
/* End PBXBuildFile section */

/* Begin PBXContainerItemProxy section */
		0408928524332366000F6530 /* PBXContainerItemProxy */ = {
			isa = PBXContainerItemProxy;
			containerPortal = 0408926624332360000F6530 /* Project object */;
			proxyType = 1;
			remoteGlobalIDString = 0408926D24332360000F6530;
			remoteInfo = Class02;
		};
		0408929024332366000F6530 /* PBXContainerItemProxy */ = {
			isa = PBXContainerItemProxy;
			containerPortal = 0408926624332360000F6530 /* Project object */;
			proxyType = 1;
			remoteGlobalIDString = 0408926D24332360000F6530;
			remoteInfo = Class02;
		};
/* End PBXContainerItemProxy section */

/* Begin PBXFileReference section */
		0408926E24332360000F6530 /* Class02.app */ = {isa = PBXFileReference; explicitFileType = wrapper.application; includeInIndex = 0; path = Class02.app; sourceTree = BUILT_PRODUCTS_DIR; };
		0408927124332360000F6530 /* AppDelegate.swift */ = {isa = PBXFileReference; lastKnownFileType = sourcecode.swift; path = AppDelegate.swift; sourceTree = "<group>"; };
		0408927324332360000F6530 /* SceneDelegate.swift */ = {isa = PBXFileReference; lastKnownFileType = sourcecode.swift; path = SceneDelegate.swift; sourceTree = "<group>"; };
		0408927524332360000F6530 /* ViewController.swift */ = {isa = PBXFileReference; lastKnownFileType = sourcecode.swift; path = ViewController.swift; sourceTree = "<group>"; };
		0408927824332360000F6530 /* Base */ = {isa = PBXFileReference; lastKnownFileType = file.storyboard; name = Base; path = Base.lproj/Main.storyboard; sourceTree = "<group>"; };
		0408927A24332365000F6530 /* Assets.xcassets */ = {isa = PBXFileReference; lastKnownFileType = folder.assetcatalog; path = Assets.xcassets; sourceTree = "<group>"; };
		0408927D24332365000F6530 /* Base */ = {isa = PBXFileReference; lastKnownFileType = file.storyboard; name = Base; path = Base.lproj/LaunchScreen.storyboard; sourceTree = "<group>"; };
		0408927F24332365000F6530 /* Info.plist */ = {isa = PBXFileReference; lastKnownFileType = text.plist.xml; path = Info.plist; sourceTree = "<group>"; };
		0408928424332366000F6530 /* Class02Tests.xctest */ = {isa = PBXFileReference; explicitFileType = wrapper.cfbundle; includeInIndex = 0; path = Class02Tests.xctest; sourceTree = BUILT_PRODUCTS_DIR; };
		0408928824332366000F6530 /* Class02Tests.swift */ = {isa = PBXFileReference; lastKnownFileType = sourcecode.swift; path = Class02Tests.swift; sourceTree = "<group>"; };
		0408928A24332366000F6530 /* Info.plist */ = {isa = PBXFileReference; lastKnownFileType = text.plist.xml; path = Info.plist; sourceTree = "<group>"; };
		0408928F24332366000F6530 /* Class02UITests.xctest */ = {isa = PBXFileReference; explicitFileType = wrapper.cfbundle; includeInIndex = 0; path = Class02UITests.xctest; sourceTree = BUILT_PRODUCTS_DIR; };
		0408929324332366000F6530 /* Class02UITests.swift */ = {isa = PBXFileReference; lastKnownFileType = sourcecode.swift; path = Class02UITests.swift; sourceTree = "<group>"; };
		0408929524332366000F6530 /* Info.plist */ = {isa = PBXFileReference; lastKnownFileType = text.plist.xml; path = Info.plist; sourceTree = "<group>"; };
/* End PBXFileReference section */

/* Begin PBXFrameworksBuildPhase section */
		0408926B24332360000F6530 /* Frameworks */ = {
			isa = PBXFrameworksBuildPhase;
			buildActionMask = 2147483647;
			files = (
			);
			runOnlyForDeploymentPostprocessing = 0;
		};
		0408928124332366000F6530 /* Frameworks */ = {
			isa = PBXFrameworksBuildPhase;
			buildActionMask = 2147483647;
			files = (
			);
			runOnlyForDeploymentPostprocessing = 0;
		};
		0408928C24332366000F6530 /* Frameworks */ = {
			isa = PBXFrameworksBuildPhase;
			buildActionMask = 2147483647;
			files = (
			);
			runOnlyForDeploymentPostprocessing = 0;
		};
/* End PBXFrameworksBuildPhase section */

/* Begin PBXGroup section */
		0408926524332360000F6530 = {
			isa = PBXGroup;
			children = (
				0408927024332360000F6530 /* Class02 */,
				0408928724332366000F6530 /* Class02Tests */,
				0408929224332366000F6530 /* Class02UITests */,
				0408926F24332360000F6530 /* Products */,
			);
			sourceTree = "<group>";
		};
		0408926F24332360000F6530 /* Products */ = {
			isa = PBXGroup;
			children = (
				0408926E24332360000F6530 /* Class02.app */,
				0408928424332366000F6530 /* Class02Tests.xctest */,
				0408928F24332366000F6530 /* Class02UITests.xctest */,
			);
			name = Products;
			sourceTree = "<group>";
		};
		0408927024332360000F6530 /* Class02 */ = {
			isa = PBXGroup;
			children = (
				0408927124332360000F6530 /* AppDelegate.swift */,
				0408927324332360000F6530 /* SceneDelegate.swift */,
				0408927524332360000F6530 /* ViewController.swift */,
				0408927724332360000F6530 /* Main.storyboard */,
				0408927A24332365000F6530 /* Assets.xcassets */,
				0408927C24332365000F6530 /* LaunchScreen.storyboard */,
				0408927F24332365000F6530 /* Info.plist */,
			);
			path = Class02;
			sourceTree = "<group>";
		};
		0408928724332366000F6530 /* Class02Tests */ = {
			isa = PBXGroup;
			children = (
				0408928824332366000F6530 /* Class02Tests.swift */,
				0408928A24332366000F6530 /* Info.plist */,
			);
			path = Class02Tests;
			sourceTree = "<group>";
		};
		0408929224332366000F6530 /* Class02UITests */ = {
			isa = PBXGroup;
			children = (
				0408929324332366000F6530 /* Class02UITests.swift */,
				0408929524332366000F6530 /* Info.plist */,
			);
			path = Class02UITests;
			sourceTree = "<group>";
		};
/* End PBXGroup section */

/* Begin PBXNativeTarget section */
		0408926D24332360000F6530 /* Class02 */ = {
			isa = PBXNativeTarget;
			buildConfigurationList = 0408929824332366000F6530 /* Build configuration list for PBXNativeTarget "Class02" */;
			buildPhases = (
				0408926A24332360000F6530 /* Sources */,
				0408926B24332360000F6530 /* Frameworks */,
				0408926C24332360000F6530 /* Resources */,
			);
			buildRules = (
			);
			dependencies = (
			);
			name = Class02;
			productName = Class02;
			productReference = 0408926E24332360000F6530 /* Class02.app */;
			productType = "com.apple.product-type.application";
		};
		0408928324332366000F6530 /* Class02Tests */ = {
			isa = PBXNativeTarget;
			buildConfigurationList = 0408929B24332366000F6530 /* Build configuration list for PBXNativeTarget "Class02Tests" */;
			buildPhases = (
				0408928024332366000F6530 /* Sources */,
				0408928124332366000F6530 /* Frameworks */,
				0408928224332366000F6530 /* Resources */,
			);
			buildRules = (
			);
			dependencies = (
				0408928624332366000F6530 /* PBXTargetDependency */,
			);
			name = Class02Tests;
			productName = Class02Tests;
			productReference = 0408928424332366000F6530 /* Class02Tests.xctest */;
			productType = "com.apple.product-type.bundle.unit-test";
		};
		0408928E24332366000F6530 /* Class02UITests */ = {
			isa = PBXNativeTarget;
			buildConfigurationList = 0408929E24332366000F6530 /* Build configuration list for PBXNativeTarget "Class02UITests" */;
			buildPhases = (
				0408928B24332366000F6530 /* Sources */,
				0408928C24332366000F6530 /* Frameworks */,
				0408928D24332366000F6530 /* Resources */,
			);
			buildRules = (
			);
			dependencies = (
				0408929124332366000F6530 /* PBXTargetDependency */,
			);
			name = Class02UITests;
			productName = Class02UITests;
			productReference = 0408928F24332366000F6530 /* Class02UITests.xctest */;
			productType = "com.apple.product-type.bundle.ui-testing";
		};
/* End PBXNativeTarget section */

/* Begin PBXProject section */
		0408926624332360000F6530 /* Project object */ = {
			isa = PBXProject;
			attributes = {
				LastSwiftUpdateCheck = 1130;
				LastUpgradeCheck = 1130;
				ORGANIZATIONNAME = chang;
				TargetAttributes = {
					0408926D24332360000F6530 = {
						CreatedOnToolsVersion = 11.3.1;
					};
					0408928324332366000F6530 = {
						CreatedOnToolsVersion = 11.3.1;
						TestTargetID = 0408926D24332360000F6530;
					};
					0408928E24332366000F6530 = {
						CreatedOnToolsVersion = 11.3.1;
						TestTargetID = 0408926D24332360000F6530;
					};
				};
			};
			buildConfigurationList = 0408926924332360000F6530 /* Build configuration list for PBXProject "Class02" */;
			compatibilityVersion = "Xcode 9.3";
			developmentRegion = en;
			hasScannedForEncodings = 0;
			knownRegions = (
				en,
				Base,
			);
			mainGroup = 0408926524332360000F6530;
			productRefGroup = 0408926F24332360000F6530 /* Products */;
			projectDirPath = "";
			projectRoot = "";
			targets = (
				0408926D24332360000F6530 /* Class02 */,
				0408928324332366000F6530 /* Class02Tests */,
				0408928E24332366000F6530 /* Class02UITests */,
			);
		};
/* End PBXProject section */

/* Begin PBXResourcesBuildPhase section */
		0408926C24332360000F6530 /* Resources */ = {
			isa = PBXResourcesBuildPhase;
			buildActionMask = 2147483647;
			files = (
				0408927E24332365000F6530 /* LaunchScreen.storyboard in Resources */,
				0408927B24332365000F6530 /* Assets.xcassets in Resources */,
				0408927924332360000F6530 /* Main.storyboard in Resources */,
			);
			runOnlyForDeploymentPostprocessing = 0;
		};
		0408928224332366000F6530 /* Resources */ = {
			isa = PBXResourcesBuildPhase;
			buildActionMask = 2147483647;
			files = (
			);
			runOnlyForDeploymentPostprocessing = 0;
		};
		0408928D24332366000F6530 /* Resources */ = {
			isa = PBXResourcesBuildPhase;
			buildActionMask = 2147483647;
			files = (
			);
			runOnlyForDeploymentPostprocessing = 0;
		};
/* End PBXResourcesBuildPhase section */

/* Begin PBXSourcesBuildPhase section */
		0408926A24332360000F6530 /* Sources */ = {
			isa = PBXSourcesBuildPhase;
			buildActionMask = 2147483647;
			files = (
				0408927624332360000F6530 /* ViewController.swift in Sources */,
				0408927224332360000F6530 /* AppDelegate.swift in Sources */,
				0408927424332360000F6530 /* SceneDelegate.swift in Sources */,
			);
			runOnlyForDeploymentPostprocessing = 0;
		};
		0408928024332366000F6530 /* Sources */ = {
			isa = PBXSourcesBuildPhase;
			buildActionMask = 2147483647;
			files = (
				0408928924332366000F6530 /* Class02Tests.swift in Sources */,
			);
			runOnlyForDeploymentPostprocessing = 0;
		};
		0408928B24332366000F6530 /* Sources */ = {
			isa = PBXSourcesBuildPhase;
			buildActionMask = 2147483647;
			files = (
				0408929424332366000F6530 /* Class02UITests.swift in Sources */,
			);
			runOnlyForDeploymentPostprocessing = 0;
		};
/* End PBXSourcesBuildPhase section */

/* Begin PBXTargetDependency section */
		0408928624332366000F6530 /* PBXTargetDependency */ = {
			isa = PBXTargetDependency;
			target = 0408926D24332360000F6530 /* Class02 */;
			targetProxy = 0408928524332366000F6530 /* PBXContainerItemProxy */;
		};
		0408929124332366000F6530 /* PBXTargetDependency */ = {
			isa = PBXTargetDependency;
			target = 0408926D24332360000F6530 /* Class02 */;
			targetProxy = 0408929024332366000F6530 /* PBXContainerItemProxy */;
		};
/* End PBXTargetDependency section */

/* Begin PBXVariantGroup section */
		0408927724332360000F6530 /* Main.storyboard */ = {
			isa = PBXVariantGroup;
			children = (
				0408927824332360000F6530 /* Base */,
			);
			name = Main.storyboard;
			sourceTree = "<group>";
		};
		0408927C24332365000F6530 /* LaunchScreen.storyboard */ = {
			isa = PBXVariantGroup;
			children = (
				0408927D24332365000F6530 /* Base */,
			);
			name = LaunchScreen.storyboard;
			sourceTree = "<group>";
		};
/* End PBXVariantGroup section */

/* Begin XCBuildConfiguration section */
		0408929624332366000F6530 /* Debug */ = {
			isa = XCBuildConfiguration;
			buildSettings = {
				ALWAYS_SEARCH_USER_PATHS = NO;
				CLANG_ANALYZER_NONNULL = YES;
				CLANG_ANALYZER_NUMBER_OBJECT_CONVERSION = YES_AGGRESSIVE;
				CLANG_CXX_LANGUAGE_STANDARD = "gnu++14";
				CLANG_CXX_LIBRARY = "libc++";
				CLANG_ENABLE_MODULES = YES;
				CLANG_ENABLE_OBJC_ARC = YES;
				CLANG_ENABLE_OBJC_WEAK = YES;
				CLANG_WARN_BLOCK_CAPTURE_AUTORELEASING = YES;
				CLANG_WARN_BOOL_CONVERSION = YES;
				CLANG_WARN_COMMA = YES;
				CLANG_WARN_CONSTANT_CONVERSION = YES;
				CLANG_WARN_DEPRECATED_OBJC_IMPLEMENTATIONS = YES;
				CLANG_WARN_DIRECT_OBJC_ISA_USAGE = YES_ERROR;
				CLANG_WARN_DOCUMENTATION_COMMENTS = YES;
				CLANG_WARN_EMPTY_BODY = YES;
				CLANG_WARN_ENUM_CONVERSION = YES;
				CLANG_WARN_INFINITE_RECURSION = YES;
				CLANG_WARN_INT_CONVERSION = YES;
				CLANG_WARN_NON_LITERAL_NULL_CONVERSION = YES;
				CLANG_WARN_OBJC_IMPLICIT_RETAIN_SELF = YES;
				CLANG_WARN_OBJC_LITERAL_CONVERSION = YES;
				CLANG_WARN_OBJC_ROOT_CLASS = YES_ERROR;
				CLANG_WARN_RANGE_LOOP_ANALYSIS = YES;
				CLANG_WARN_STRICT_PROTOTYPES = YES;
				CLANG_WARN_SUSPICIOUS_MOVE = YES;
				CLANG_WARN_UNGUARDED_AVAILABILITY = YES_AGGRESSIVE;
				CLANG_WARN_UNREACHABLE_CODE = YES;
				CLANG_WARN__DUPLICATE_METHOD_MATCH = YES;
				COPY_PHASE_STRIP = NO;
				DEBUG_INFORMATION_FORMAT = dwarf;
				ENABLE_STRICT_OBJC_MSGSEND = YES;
				ENABLE_TESTABILITY = YES;
				GCC_C_LANGUAGE_STANDARD = gnu11;
				GCC_DYNAMIC_NO_PIC = NO;
				GCC_NO_COMMON_BLOCKS = YES;
				GCC_OPTIMIZATION_LEVEL = 0;
				GCC_PREPROCESSOR_DEFINITIONS = (
					"DEBUG=1",
					"$(inherited)",
				);
				GCC_WARN_64_TO_32_BIT_CONVERSION = YES;
				GCC_WARN_ABOUT_RETURN_TYPE = YES_ERROR;
				GCC_WARN_UNDECLARED_SELECTOR = YES;
				GCC_WARN_UNINITIALIZED_AUTOS = YES_AGGRESSIVE;
				GCC_WARN_UNUSED_FUNCTION = YES;
				GCC_WARN_UNUSED_VARIABLE = YES;
				IPHONEOS_DEPLOYMENT_TARGET = 13.2;
				MTL_ENABLE_DEBUG_INFO = INCLUDE_SOURCE;
				MTL_FAST_MATH = YES;
				ONLY_ACTIVE_ARCH = YES;
				SDKROOT = iphoneos;
				SWIFT_ACTIVE_COMPILATION_CONDITIONS = DEBUG;
				SWIFT_OPTIMIZATION_LEVEL = "-Onone";
			};
			name = Debug;
		};
		0408929724332366000F6530 /* Release */ = {
			isa = XCBuildConfiguration;
			buildSettings = {
				ALWAYS_SEARCH_USER_PATHS = NO;
				CLANG_ANALYZER_NONNULL = YES;
				CLANG_ANALYZER_NUMBER_OBJECT_CONVERSION = YES_AGGRESSIVE;
				CLANG_CXX_LANGUAGE_STANDARD = "gnu++14";
				CLANG_CXX_LIBRARY = "libc++";
				CLANG_ENABLE_MODULES = YES;
				CLANG_ENABLE_OBJC_ARC = YES;
				CLANG_ENABLE_OBJC_WEAK = YES;
				CLANG_WARN_BLOCK_CAPTURE_AUTORELEASING = YES;
				CLANG_WARN_BOOL_CONVERSION = YES;
				CLANG_WARN_COMMA = YES;
				CLANG_WARN_CONSTANT_CONVERSION = YES;
				CLANG_WARN_DEPRECATED_OBJC_IMPLEMENTATIONS = YES;
				CLANG_WARN_DIRECT_OBJC_ISA_USAGE = YES_ERROR;
				CLANG_WARN_DOCUMENTATION_COMMENTS = YES;
				CLANG_WARN_EMPTY_BODY = YES;
				CLANG_WARN_ENUM_CONVERSION = YES;
				CLANG_WARN_INFINITE_RECURSION = YES;
				CLANG_WARN_INT_CONVERSION = YES;
				CLANG_WARN_NON_LITERAL_NULL_CONVERSION = YES;
				CLANG_WARN_OBJC_IMPLICIT_RETAIN_SELF = YES;
				CLANG_WARN_OBJC_LITERAL_CONVERSION = YES;
				CLANG_WARN_OBJC_ROOT_CLASS = YES_ERROR;
				CLANG_WARN_RANGE_LOOP_ANALYSIS = YES;
				CLANG_WARN_STRICT_PROTOTYPES = YES;
				CLANG_WARN_SUSPICIOUS_MOVE = YES;
				CLANG_WARN_UNGUARDED_AVAILABILITY = YES_AGGRESSIVE;
				CLANG_WARN_UNREACHABLE_CODE = YES;
				CLANG_WARN__DUPLICATE_METHOD_MATCH = YES;
				COPY_PHASE_STRIP = NO;
				DEBUG_INFORMATION_FORMAT = "dwarf-with-dsym";
				ENABLE_NS_ASSERTIONS = NO;
				ENABLE_STRICT_OBJC_MSGSEND = YES;
				GCC_C_LANGUAGE_STANDARD = gnu11;
				GCC_NO_COMMON_BLOCKS = YES;
				GCC_WARN_64_TO_32_BIT_CONVERSION = YES;
				GCC_WARN_ABOUT_RETURN_TYPE = YES_ERROR;
				GCC_WARN_UNDECLARED_SELECTOR = YES;
				GCC_WARN_UNINITIALIZED_AUTOS = YES_AGGRESSIVE;
				GCC_WARN_UNUSED_FUNCTION = YES;
				GCC_WARN_UNUSED_VARIABLE = YES;
				IPHONEOS_DEPLOYMENT_TARGET = 13.2;
				MTL_ENABLE_DEBUG_INFO = NO;
				MTL_FAST_MATH = YES;
				SDKROOT = iphoneos;
				SWIFT_COMPILATION_MODE = wholemodule;
				SWIFT_OPTIMIZATION_LEVEL = "-O";
				VALIDATE_PRODUCT = YES;
			};
			name = Release;
		};
		0408929924332366000F6530 /* Debug */ = {
			isa = XCBuildConfiguration;
			buildSettings = {
				ASSETCATALOG_COMPILER_APPICON_NAME = AppIcon;
				CODE_SIGN_STYLE = Automatic;
				INFOPLIST_FILE = Class02/Info.plist;
				LD_RUNPATH_SEARCH_PATHS = (
					"$(inherited)",
					"@executable_path/Frameworks",
				);
				PRODUCT_BUNDLE_IDENTIFIER = idv.yawen.Class02;
				PRODUCT_NAME = "$(TARGET_NAME)";
				SWIFT_VERSION = 5.0;
				TARGETED_DEVICE_FAMILY = "1,2";
			};
			name = Debug;
		};
		0408929A24332366000F6530 /* Release */ = {
			isa = XCBuildConfiguration;
			buildSettings = {
				ASSETCATALOG_COMPILER_APPICON_NAME = AppIcon;
				CODE_SIGN_STYLE = Automatic;
				INFOPLIST_FILE = Class02/Info.plist;
				LD_RUNPATH_SEARCH_PATHS = (
					"$(inherited)",
					"@executable_path/Frameworks",
				);
				PRODUCT_BUNDLE_IDENTIFIER = idv.yawen.Class02;
				PRODUCT_NAME = "$(TARGET_NAME)";
				SWIFT_VERSION = 5.0;
				TARGETED_DEVICE_FAMILY = "1,2";
			};
			name = Release;
		};
		0408929C24332366000F6530 /* Debug */ = {
			isa = XCBuildConfiguration;
			buildSettings = {
				ALWAYS_EMBED_SWIFT_STANDARD_LIBRARIES = YES;
				BUNDLE_LOADER = "$(TEST_HOST)";
				CODE_SIGN_STYLE = Automatic;
				INFOPLIST_FILE = Class02Tests/Info.plist;
				IPHONEOS_DEPLOYMENT_TARGET = 13.2;
				LD_RUNPATH_SEARCH_PATHS = (
					"$(inherited)",
					"@executable_path/Frameworks",
					"@loader_path/Frameworks",
				);
				PRODUCT_BUNDLE_IDENTIFIER = idv.yawen.Class02Tests;
				PRODUCT_NAME = "$(TARGET_NAME)";
				SWIFT_VERSION = 5.0;
				TARGETED_DEVICE_FAMILY = "1,2";
				TEST_HOST = "$(BUILT_PRODUCTS_DIR)/Class02.app/Class02";
			};
			name = Debug;
		};
		0408929D24332366000F6530 /* Release */ = {
			isa = XCBuildConfiguration;
			buildSettings = {
				ALWAYS_EMBED_SWIFT_STANDARD_LIBRARIES = YES;
				BUNDLE_LOADER = "$(TEST_HOST)";
				CODE_SIGN_STYLE = Automatic;
				INFOPLIST_FILE = Class02Tests/Info.plist;
				IPHONEOS_DEPLOYMENT_TARGET = 13.2;
				LD_RUNPATH_SEARCH_PATHS = (
					"$(inherited)",
					"@executable_path/Frameworks",
					"@loader_path/Frameworks",
				);
				PRODUCT_BUNDLE_IDENTIFIER = idv.yawen.Class02Tests;
				PRODUCT_NAME = "$(TARGET_NAME)";
				SWIFT_VERSION = 5.0;
				TARGETED_DEVICE_FAMILY = "1,2";
				TEST_HOST = "$(BUILT_PRODUCTS_DIR)/Class02.app/Class02";
			};
			name = Release;
		};
		0408929F24332366000F6530 /* Debug */ = {
			isa = XCBuildConfiguration;
			buildSettings = {
				ALWAYS_EMBED_SWIFT_STANDARD_LIBRARIES = YES;
				CODE_SIGN_STYLE = Automatic;
				INFOPLIST_FILE = Class02UITests/Info.plist;
				LD_RUNPATH_SEARCH_PATHS = (
					"$(inherited)",
					"@executable_path/Frameworks",
					"@loader_path/Frameworks",
				);
				PRODUCT_BUNDLE_IDENTIFIER = idv.yawen.Class02UITests;
				PRODUCT_NAME = "$(TARGET_NAME)";
				SWIFT_VERSION = 5.0;
				TARGETED_DEVICE_FAMILY = "1,2";
				TEST_TARGET_NAME = Class02;
			};
			name = Debug;
		};
		040892A024332366000F6530 /* Release */ = {
			isa = XCBuildConfiguration;
			buildSettings = {
				ALWAYS_EMBED_SWIFT_STANDARD_LIBRARIES = YES;
				CODE_SIGN_STYLE = Automatic;
				INFOPLIST_FILE = Class02UITests/Info.plist;
				LD_RUNPATH_SEARCH_PATHS = (
					"$(inherited)",
					"@executable_path/Frameworks",
					"@loader_path/Frameworks",
				);
				PRODUCT_BUNDLE_IDENTIFIER = idv.yawen.Class02UITests;
				PRODUCT_NAME = "$(TARGET_NAME)";
				SWIFT_VERSION = 5.0;
				TARGETED_DEVICE_FAMILY = "1,2";
				TEST_TARGET_NAME = Class02;
			};
			name = Release;
		};
/* End XCBuildConfiguration section */

/* Begin XCConfigurationList section */
		0408926924332360000F6530 /* Build configuration list for PBXProject "Class02" */ = {
			isa = XCConfigurationList;
			buildConfigurations = (
				0408929624332366000F6530 /* Debug */,
				0408929724332366000F6530 /* Release */,
			);
			defaultConfigurationIsVisible = 0;
			defaultConfigurationName = Release;
		};
		0408929824332366000F6530 /* Build configuration list for PBXNativeTarget "Class02" */ = {
			isa = XCConfigurationList;
			buildConfigurations = (
				0408929924332366000F6530 /* Debug */,
				0408929A24332366000F6530 /* Release */,
			);
			defaultConfigurationIsVisible = 0;
			defaultConfigurationName = Release;
		};
		0408929B24332366000F6530 /* Build configuration list for PBXNativeTarget "Class02Tests" */ = {
			isa = XCConfigurationList;
			buildConfigurations = (
				0408929C24332366000F6530 /* Debug */,
				0408929D24332366000F6530 /* Release */,
			);
			defaultConfigurationIsVisible = 0;
			defaultConfigurationName = Release;
		};
		0408929E24332366000F6530 /* Build configuration list for PBXNativeTarget "Class02UITests" */ = {
			isa = XCConfigurationList;
			buildConfigurations = (
				0408929F24332366000F6530 /* Debug */,
				040892A024332366000F6530 /* Release */,
			);
			defaultConfigurationIsVisible = 0;
			defaultConfigurationName = Release;
		};
/* End XCConfigurationList section */
	};
	rootObject = 0408926624332360000F6530 /* Project object */;
}
